
Microsoft Visual Studio Solution File, Format Version 12.00
# Visual Studio 2012
Project("{FAE04EC0-301F-11D3-BF4B-00C04F79EFBC}") = "Exercise1", "Exercise1.csproj", "{3923E971-B348-49BB-82D5-C1C0217C0BDE}"
EndProject
Project("{2150E333-8FDC-42A3-9474-1A3956D46DE8}") = "lib", "lib", "{8969E7C9-D027-44FA-99AC-709C209A66DA}"
	ProjectSection(SolutionItems) = preProject
		lib\nunit.framework.dll = lib\nunit.framework.dll
		lib\nunit.framework.xml = lib\nunit.framework.xml
	EndProjectSection
EndProject
Global
	GlobalSection(SolutionConfigurationPlatforms) = preSolution
		Debug|Any CPU = Debug|Any CPU
		Release|Any CPU = Release|Any CPU
	EndGlobalSection
	GlobalSection(ProjectConfigurationPlatforms) = postSolution
		{3923E971-B348-49BB-82D5-C1C0217C0BDE}.Debug|Any CPU.ActiveCfg = Debug|Any CPU
		{3923E971-B348-49BB-82D5-C1C0217C0BDE}.Debug|Any CPU.Build.0 = Debug|Any CPU
		{3923E971-B348-49BB-82D5-C1C0217C0BDE}.Release|Any CPU.ActiveCfg = Release|Any CPU
		{3923E971-B348-49BB-82D5-C1C0217C0BDE}.Release|Any CPU.Build.0 = Release|Any CPU
	EndGlobalSection
	GlobalSection(SolutionProperties) = preSolution
		HideSolutionNode = FALSE
	EndGlobalSection
	GlobalSection(MonoDevelopProperties) = preSolution
		Policies = $0
		$0.DotNetNamingPolicy = $1
		$1.DirectoryNamespaceAssociation = PrefixedFlat
	EndGlobalSection
EndGlobal
