Microsoft Visual Studio Solution File, Format Version 12.00
# Visual Studio 2012
Project("{9A19103F-16F7-4668-BE54-9A1E7A4F7556}") = "Exercise1", "Exercise1.csproj", "{3923E971-B348-49BB-82D5-C1C0217C0BDE}"
EndProject
Global
	GlobalSection(SolutionConfigurationPlatforms) = preSolution
		Debug|Any CPU = Debug|Any CPU
		Release|Any CPU = Release|Any CPU
	EndGlobalSection
	GlobalSection(ProjectConfigurationPlatforms) = postSolution
		{3923E971-B348-49BB-82D5-C1C0217C0BDE}.Debug|Any CPU.ActiveCfg = Debug|Any CPU
		{3923E971-B348-49BB-82D5-C1C0217C0BDE}.Debug|Any CPU.Build.0 = Debug|Any CPU
		{3923E971-B348-49BB-82D5-C1C0217C0BDE}.Release|Any CPU.ActiveCfg = Release|Any CPU
		{3923E971-B348-49BB-82D5-C1C0217C0BDE}.Release|Any CPU.Build.0 = Release|Any CPU
	EndGlobalSection
	GlobalSection(SolutionProperties) = preSolution
		HideSolutionNode = FALSE
	EndGlobalSection
	GlobalSection(MonoDevelopProperties) = preSolution
		Policies = $0
		$0.DotNetNamingPolicy = $1
		$1.DirectoryNamespaceAssociation = PrefixedFlat
	EndGlobalSection
EndGlobal
